
Microsoft Visual Studio Solution File, Format Version 12.00
# Visual Studio Version 17
VisualStudioVersion = 17.7.34202.233
MinimumVisualStudioVersion = 10.0.40219.1
Project("{8BC9CEB8-8B4A-11D0-8D11-00A0C91BC942}") = "ConsoleApplication4", "ConsoleApplication4\ConsoleApplication4.vcxproj", "{C90BA755-529B-4E2F-AA16-97DCDA9897FE}"
EndProject
Global
	GlobalSection(SolutionConfigurationPlatforms) = preSolution
		Debug|x64 = Debug|x64
		Debug|x86 = Debug|x86
		Release|x64 = Release|x64
		Release|x86 = Release|x86
	EndGlobalSection
	GlobalSection(ProjectConfigurationPlatforms) = postSolution
		{C90BA755-529B-4E2F-AA16-97DCDA9897FE}.Debug|x64.ActiveCfg = Debug|x64
		{C90BA755-529B-4E2F-AA16-97DCDA9897FE}.Debug|x64.Build.0 = Debug|x64
		{C90BA755-529B-4E2F-AA16-97DCDA9897FE}.Debug|x86.ActiveCfg = Debug|Win32
		{C90BA755-529B-4E2F-AA16-97DCDA9897FE}.Debug|x86.Build.0 = Debug|Win32
		{C90BA755-529B-4E2F-AA16-97DCDA9897FE}.Release|x64.ActiveCfg = Release|x64
		{C90BA755-529B-4E2F-AA16-97DCDA9897FE}.Release|x64.Build.0 = Release|x64
		{C90BA755-529B-4E2F-AA16-97DCDA9897FE}.Release|x86.ActiveCfg = Release|Win32
		{C90BA755-529B-4E2F-AA16-97DCDA9897FE}.Release|x86.Build.0 = Release|Win32
	EndGlobalSection
	GlobalSection(SolutionProperties) = preSolution
		HideSolutionNode = FALSE
	EndGlobalSection
	GlobalSection(ExtensibilityGlobals) = postSolution
		SolutionGuid = {E04FAE22-CCA8-4E81-92A2-5D72E069C1D4}
	EndGlobalSection
EndGlobal
